
Microsoft Visual Studio Solution File, Format Version 12.00
# Visual Studio Version 17
VisualStudioVersion = 17.14.36414.22 d17.14
MinimumVisualStudioVersion = 10.0.40219.1
Project("{2150E333-8FDC-42A3-9474-1A3956D46DE8}") = "Task0", "Task0", "{02EA681E-C7D8-13C7-8484-4AC65E1B71E8}"
EndProject
Project("{FAE04EC0-301F-11D3-BF4B-00C04F79EFBC}") = "Tyuiu.IvanovIA.Sprint5.Task0.V18.Lib", "Tyuiu.IvanovIA.Sprint5.Task0.V18.Lib\Tyuiu.IvanovIA.Sprint5.Task0.V18.Lib.csproj", "{FF32C474-A9A3-4D27-A4AC-45AAA50E0752}"
EndProject
Project("{FAE04EC0-301F-11D3-BF4B-00C04F79EFBC}") = "Tyuiu.IvanovIA.Sprint5.Task0.V18", "Tyuiu.IvanovIA.Sprint5.Task0.V18\Tyuiu.IvanovIA.Sprint5.Task0.V18.csproj", "{650314F3-6723-4B3A-8FA8-6C56D2502586}"
EndProject
Project("{FAE04EC0-301F-11D3-BF4B-00C04F79EFBC}") = "Tyuiu.IvanovIA.Sprint5.Task0.V18.Test", "Tyuiu.IvanovIA.Sprint5.Task0.V18.Test\Tyuiu.IvanovIA.Sprint5.Task0.V18.Test.csproj", "{50DFB695-6338-445B-AF26-C2B5CA833745}"
EndProject
Project("{2150E333-8FDC-42A3-9474-1A3956D46DE8}") = "Task1", "Task1", "{7FAC81D0-F365-4313-A046-9BDFC2182FDD}"
EndProject
Project("{FAE04EC0-301F-11D3-BF4B-00C04F79EFBC}") = "Tyuiu.IvanovIA.Sprint5.Task1.V20", "Tyuiu.IvanovIA.Sprint5.Task1.V20\Tyuiu.IvanovIA.Sprint5.Task1.V20.csproj", "{70AA2F9B-A60C-4EB7-9B58-C55D1DEF7B62}"
EndProject
Project("{FAE04EC0-301F-11D3-BF4B-00C04F79EFBC}") = "Tyuiu.IvanovIA.Sprint5.Task1.V20.Lib", "Tyuiu.IvanovIA.Sprint5.Task1.V20.Lib\Tyuiu.IvanovIA.Sprint5.Task1.V20.Lib.csproj", "{05106A86-73F2-4217-B4EE-E737165FE273}"
EndProject
Project("{FAE04EC0-301F-11D3-BF4B-00C04F79EFBC}") = "Tyuiu.IvanovIA.Sprint5.Task1.V20.Test", "Tyuiu.IvanovIA.Sprint5.Task1.V20.Test\Tyuiu.IvanovIA.Sprint5.Task1.V20.Test.csproj", "{89298989-79D8-409A-97F6-4714461A7C34}"
EndProject
Project("{2150E333-8FDC-42A3-9474-1A3956D46DE8}") = "Task2", "Task2", "{6AE5BC5B-E186-4D85-A470-0791253F2486}"
EndProject
Project("{FAE04EC0-301F-11D3-BF4B-00C04F79EFBC}") = "Tyuiu.IvanovIA.Sprint5.Task2.V10", "Tyuiu.IvanovIA.Sprint5.Task2.V10\Tyuiu.IvanovIA.Sprint5.Task2.V10.csproj", "{DF95043D-AE16-4A90-BFE9-ADE11128C7B3}"
EndProject
Project("{FAE04EC0-301F-11D3-BF4B-00C04F79EFBC}") = "Tyuiu.IvanovIA.Sprint5.Task2.V10.Lib", "Tyuiu.IvanovIA.Sprint5.Task2.V10.Lib\Tyuiu.IvanovIA.Sprint5.Task2.V10.Lib.csproj", "{CE5AF2D3-E258-44EB-8A24-9F116BAD5D2E}"
EndProject
Project("{FAE04EC0-301F-11D3-BF4B-00C04F79EFBC}") = "Tyuiu.IvanovIA.Sprint5.Task2.V10.Test", "Tyuiu.IvanovIA.Sprint5.Task2.V10.Test\Tyuiu.IvanovIA.Sprint5.Task2.V10.Test.csproj", "{02F211CB-8575-48CA-983E-EB3DEDA6D73E}"
EndProject
Project("{2150E333-8FDC-42A3-9474-1A3956D46DE8}") = "Task3", "Task3", "{362E5812-04EE-4ACC-A801-0C6DB41B709E}"
EndProject
Project("{2150E333-8FDC-42A3-9474-1A3956D46DE8}") = "Task4", "Task4", "{6B3DD21B-BA6B-4AAB-8F6C-AAA7835C5BB5}"
EndProject
Project("{FAE04EC0-301F-11D3-BF4B-00C04F79EFBC}") = "Tyuiu.IvanovIA.Sprint5.Task4.V26", "Tyuiu.IvanovIA.Sprint5.Task4.V26\Tyuiu.IvanovIA.Sprint5.Task4.V26.csproj", "{75114C70-0230-41B1-8DF6-AA7AA4B8ACF9}"
EndProject
Project("{FAE04EC0-301F-11D3-BF4B-00C04F79EFBC}") = "Tyuiu.IvanovIA.Sprint5.Task4.V26.Lib", "Tyuiu.IvanovIA.Sprint5.Task4.V26.Lib\Tyuiu.IvanovIA.Sprint5.Task4.V26.Lib.csproj", "{8A14D66E-4D5E-46F8-B964-A3913C0D418D}"
EndProject
Project("{FAE04EC0-301F-11D3-BF4B-00C04F79EFBC}") = "Tyuiu.IvanovIA.Sprint5.Task4.V26.Test", "Tyuiu.IvanovIA.Sprint5.Task4.V26.Test\Tyuiu.IvanovIA.Sprint5.Task4.V26.Test.csproj", "{E3A2932E-AFAA-4195-8FC9-3BEB64019788}"
EndProject
Project("{2150E333-8FDC-42A3-9474-1A3956D46DE8}") = "Task5", "Task5", "{D34E1CBE-E37A-4D29-93EF-D16717879CA5}"
EndProject
Project("{2150E333-8FDC-42A3-9474-1A3956D46DE8}") = "Task6", "Task6", "{9C28D8B9-45C9-4B32-9A6D-333073A1A6F8}"
EndProject
Project("{2150E333-8FDC-42A3-9474-1A3956D46DE8}") = "Task7", "Task7", "{C5D2E28C-91B0-45DA-9979-874809D404CD}"
EndProject
Project("{FAE04EC0-301F-11D3-BF4B-00C04F79EFBC}") = "Tyuiu.IvanovIA.Sprint5.Task7.V17", "Tyuiu.IvanovIA.Sprint5.Task7.V17\Tyuiu.IvanovIA.Sprint5.Task7.V17.csproj", "{CD01CD86-9675-4130-909E-675AED2AA050}"
EndProject
Project("{FAE04EC0-301F-11D3-BF4B-00C04F79EFBC}") = "Tyuiu.IvanovIA.Sprint5.Task7.V17.Test", "Tyuiu.IvanovIA.Sprint5.Task7.V17.Test\Tyuiu.IvanovIA.Sprint5.Task7.V17.Test.csproj", "{D2F714BD-B2E5-4FCF-87DA-238950834ECE}"
EndProject
Project("{FAE04EC0-301F-11D3-BF4B-00C04F79EFBC}") = "Tyuiu.IvanovIA.Sprint5.Task7.V17.Lib", "Tyuiu.IvanovIA.Sprint5.Task7.V17.Lib\Tyuiu.IvanovIA.Sprint5.Task7.V17.Lib.csproj", "{4896B287-B5B5-4B70-80AD-17B858ABA29D}"
EndProject
Project("{FAE04EC0-301F-11D3-BF4B-00C04F79EFBC}") = "Tyuiu.IvanovIA.Sprint5.Task3.V6", "Tyuiu.IvanovIA.Sprint5.Task3.V6\Tyuiu.IvanovIA.Sprint5.Task3.V6.csproj", "{D65226B5-3ADD-4E2A-8EB2-2E37D2EA479F}"
EndProject
Project("{FAE04EC0-301F-11D3-BF4B-00C04F79EFBC}") = "Tyuiu.IvanovIA.Sprint5.Task3.V6.Lib", "Tyuiu.IvanovIA.Sprint5.Task3.V6.Lib\Tyuiu.IvanovIA.Sprint5.Task3.V6.Lib.csproj", "{C937CD61-6F6A-4197-87EE-3F63FB15220A}"
EndProject
Project("{FAE04EC0-301F-11D3-BF4B-00C04F79EFBC}") = "Tyuiu.IvanovIA.Sprint5.Task3.V6.Test", "Tyuiu.IvanovIA.Sprint5.Task3.V6.Test\Tyuiu.IvanovIA.Sprint5.Task3.V6.Test.csproj", "{16F231F1-2451-41D2-BE8D-953846423786}"
EndProject
Project("{FAE04EC0-301F-11D3-BF4B-00C04F79EFBC}") = "Tyuiu.IvanovIA.Sprint5.Task5.V21", "Tyuiu.IvanovIA.Sprint5.Task5.V21\Tyuiu.IvanovIA.Sprint5.Task5.V21.csproj", "{1D21208D-9676-43C7-B4C3-2F00FDDCA56A}"
EndProject
Project("{FAE04EC0-301F-11D3-BF4B-00C04F79EFBC}") = "Tyuiu.IvanovIA.Sprint5.Task5.V21.Lib", "Tyuiu.IvanovIA.Sprint5.Task5.V21.Lib\Tyuiu.IvanovIA.Sprint5.Task5.V21.Lib.csproj", "{A3C25138-2B24-4AFC-A0A1-5078B9DA6BAB}"
EndProject
Project("{FAE04EC0-301F-11D3-BF4B-00C04F79EFBC}") = "Tyuiu.IvanovIA.Sprint5.Task5.V21.Test", "Tyuiu.IvanovIA.Sprint5.Task5.V21.Test\Tyuiu.IvanovIA.Sprint5.Task5.V21.Test.csproj", "{E95A3BEF-853D-4ADF-AA44-6FD486DB18E7}"
EndProject
Global
	GlobalSection(SolutionConfigurationPlatforms) = preSolution
		Debug|Any CPU = Debug|Any CPU
		Release|Any CPU = Release|Any CPU
	EndGlobalSection
	GlobalSection(ProjectConfigurationPlatforms) = postSolution
		{FF32C474-A9A3-4D27-A4AC-45AAA50E0752}.Debug|Any CPU.ActiveCfg = Debug|Any CPU
		{FF32C474-A9A3-4D27-A4AC-45AAA50E0752}.Debug|Any CPU.Build.0 = Debug|Any CPU
		{FF32C474-A9A3-4D27-A4AC-45AAA50E0752}.Release|Any CPU.ActiveCfg = Release|Any CPU
		{FF32C474-A9A3-4D27-A4AC-45AAA50E0752}.Release|Any CPU.Build.0 = Release|Any CPU
		{650314F3-6723-4B3A-8FA8-6C56D2502586}.Debug|Any CPU.ActiveCfg = Debug|Any CPU
		{650314F3-6723-4B3A-8FA8-6C56D2502586}.Debug|Any CPU.Build.0 = Debug|Any CPU
		{650314F3-6723-4B3A-8FA8-6C56D2502586}.Release|Any CPU.ActiveCfg = Release|Any CPU
		{650314F3-6723-4B3A-8FA8-6C56D2502586}.Release|Any CPU.Build.0 = Release|Any CPU
		{50DFB695-6338-445B-AF26-C2B5CA833745}.Debug|Any CPU.ActiveCfg = Debug|Any CPU
		{50DFB695-6338-445B-AF26-C2B5CA833745}.Debug|Any CPU.Build.0 = Debug|Any CPU
		{50DFB695-6338-445B-AF26-C2B5CA833745}.Release|Any CPU.ActiveCfg = Release|Any CPU
		{50DFB695-6338-445B-AF26-C2B5CA833745}.Release|Any CPU.Build.0 = Release|Any CPU
		{70AA2F9B-A60C-4EB7-9B58-C55D1DEF7B62}.Debug|Any CPU.ActiveCfg = Debug|Any CPU
		{70AA2F9B-A60C-4EB7-9B58-C55D1DEF7B62}.Debug|Any CPU.Build.0 = Debug|Any CPU
		{70AA2F9B-A60C-4EB7-9B58-C55D1DEF7B62}.Release|Any CPU.ActiveCfg = Release|Any CPU
		{70AA2F9B-A60C-4EB7-9B58-C55D1DEF7B62}.Release|Any CPU.Build.0 = Release|Any CPU
		{05106A86-73F2-4217-B4EE-E737165FE273}.Debug|Any CPU.ActiveCfg = Debug|Any CPU
		{05106A86-73F2-4217-B4EE-E737165FE273}.Debug|Any CPU.Build.0 = Debug|Any CPU
		{05106A86-73F2-4217-B4EE-E737165FE273}.Release|Any CPU.ActiveCfg = Release|Any CPU
		{05106A86-73F2-4217-B4EE-E737165FE273}.Release|Any CPU.Build.0 = Release|Any CPU
		{89298989-79D8-409A-97F6-4714461A7C34}.Debug|Any CPU.ActiveCfg = Debug|Any CPU
		{89298989-79D8-409A-97F6-4714461A7C34}.Debug|Any CPU.Build.0 = Debug|Any CPU
		{89298989-79D8-409A-97F6-4714461A7C34}.Release|Any CPU.ActiveCfg = Release|Any CPU
		{89298989-79D8-409A-97F6-4714461A7C34}.Release|Any CPU.Build.0 = Release|Any CPU
		{DF95043D-AE16-4A90-BFE9-ADE11128C7B3}.Debug|Any CPU.ActiveCfg = Debug|Any CPU
		{DF95043D-AE16-4A90-BFE9-ADE11128C7B3}.Debug|Any CPU.Build.0 = Debug|Any CPU
		{DF95043D-AE16-4A90-BFE9-ADE11128C7B3}.Release|Any CPU.ActiveCfg = Release|Any CPU
		{DF95043D-AE16-4A90-BFE9-ADE11128C7B3}.Release|Any CPU.Build.0 = Release|Any CPU
		{CE5AF2D3-E258-44EB-8A24-9F116BAD5D2E}.Debug|Any CPU.ActiveCfg = Debug|Any CPU
		{CE5AF2D3-E258-44EB-8A24-9F116BAD5D2E}.Debug|Any CPU.Build.0 = Debug|Any CPU
		{CE5AF2D3-E258-44EB-8A24-9F116BAD5D2E}.Release|Any CPU.ActiveCfg = Release|Any CPU
		{CE5AF2D3-E258-44EB-8A24-9F116BAD5D2E}.Release|Any CPU.Build.0 = Release|Any CPU
		{02F211CB-8575-48CA-983E-EB3DEDA6D73E}.Debug|Any CPU.ActiveCfg = Debug|Any CPU
		{02F211CB-8575-48CA-983E-EB3DEDA6D73E}.Debug|Any CPU.Build.0 = Debug|Any CPU
		{02F211CB-8575-48CA-983E-EB3DEDA6D73E}.Release|Any CPU.ActiveCfg = Release|Any CPU
		{02F211CB-8575-48CA-983E-EB3DEDA6D73E}.Release|Any CPU.Build.0 = Release|Any CPU
		{75114C70-0230-41B1-8DF6-AA7AA4B8ACF9}.Debug|Any CPU.ActiveCfg = Debug|Any CPU
		{75114C70-0230-41B1-8DF6-AA7AA4B8ACF9}.Debug|Any CPU.Build.0 = Debug|Any CPU
		{75114C70-0230-41B1-8DF6-AA7AA4B8ACF9}.Release|Any CPU.ActiveCfg = Release|Any CPU
		{75114C70-0230-41B1-8DF6-AA7AA4B8ACF9}.Release|Any CPU.Build.0 = Release|Any CPU
		{8A14D66E-4D5E-46F8-B964-A3913C0D418D}.Debug|Any CPU.ActiveCfg = Debug|Any CPU
		{8A14D66E-4D5E-46F8-B964-A3913C0D418D}.Debug|Any CPU.Build.0 = Debug|Any CPU
		{8A14D66E-4D5E-46F8-B964-A3913C0D418D}.Release|Any CPU.ActiveCfg = Release|Any CPU
		{8A14D66E-4D5E-46F8-B964-A3913C0D418D}.Release|Any CPU.Build.0 = Release|Any CPU
		{E3A2932E-AFAA-4195-8FC9-3BEB64019788}.Debug|Any CPU.ActiveCfg = Debug|Any CPU
		{E3A2932E-AFAA-4195-8FC9-3BEB64019788}.Debug|Any CPU.Build.0 = Debug|Any CPU
		{E3A2932E-AFAA-4195-8FC9-3BEB64019788}.Release|Any CPU.ActiveCfg = Release|Any CPU
		{E3A2932E-AFAA-4195-8FC9-3BEB64019788}.Release|Any CPU.Build.0 = Release|Any CPU
		{CD01CD86-9675-4130-909E-675AED2AA050}.Debug|Any CPU.ActiveCfg = Debug|Any CPU
		{CD01CD86-9675-4130-909E-675AED2AA050}.Debug|Any CPU.Build.0 = Debug|Any CPU
		{CD01CD86-9675-4130-909E-675AED2AA050}.Release|Any CPU.ActiveCfg = Release|Any CPU
		{CD01CD86-9675-4130-909E-675AED2AA050}.Release|Any CPU.Build.0 = Release|Any CPU
		{D2F714BD-B2E5-4FCF-87DA-238950834ECE}.Debug|Any CPU.ActiveCfg = Debug|Any CPU
		{D2F714BD-B2E5-4FCF-87DA-238950834ECE}.Debug|Any CPU.Build.0 = Debug|Any CPU
		{D2F714BD-B2E5-4FCF-87DA-238950834ECE}.Release|Any CPU.ActiveCfg = Release|Any CPU
		{D2F714BD-B2E5-4FCF-87DA-238950834ECE}.Release|Any CPU.Build.0 = Release|Any CPU
		{4896B287-B5B5-4B70-80AD-17B858ABA29D}.Debug|Any CPU.ActiveCfg = Debug|Any CPU
		{4896B287-B5B5-4B70-80AD-17B858ABA29D}.Debug|Any CPU.Build.0 = Debug|Any CPU
		{4896B287-B5B5-4B70-80AD-17B858ABA29D}.Release|Any CPU.ActiveCfg = Release|Any CPU
		{4896B287-B5B5-4B70-80AD-17B858ABA29D}.Release|Any CPU.Build.0 = Release|Any CPU
		{D65226B5-3ADD-4E2A-8EB2-2E37D2EA479F}.Debug|Any CPU.ActiveCfg = Debug|Any CPU
		{D65226B5-3ADD-4E2A-8EB2-2E37D2EA479F}.Debug|Any CPU.Build.0 = Debug|Any CPU
		{D65226B5-3ADD-4E2A-8EB2-2E37D2EA479F}.Release|Any CPU.ActiveCfg = Release|Any CPU
		{D65226B5-3ADD-4E2A-8EB2-2E37D2EA479F}.Release|Any CPU.Build.0 = Release|Any CPU
		{C937CD61-6F6A-4197-87EE-3F63FB15220A}.Debug|Any CPU.ActiveCfg = Debug|Any CPU
		{C937CD61-6F6A-4197-87EE-3F63FB15220A}.Debug|Any CPU.Build.0 = Debug|Any CPU
		{C937CD61-6F6A-4197-87EE-3F63FB15220A}.Release|Any CPU.ActiveCfg = Release|Any CPU
		{C937CD61-6F6A-4197-87EE-3F63FB15220A}.Release|Any CPU.Build.0 = Release|Any CPU
		{16F231F1-2451-41D2-BE8D-953846423786}.Debug|Any CPU.ActiveCfg = Debug|Any CPU
		{16F231F1-2451-41D2-BE8D-953846423786}.Debug|Any CPU.Build.0 = Debug|Any CPU
		{16F231F1-2451-41D2-BE8D-953846423786}.Release|Any CPU.ActiveCfg = Release|Any CPU
		{16F231F1-2451-41D2-BE8D-953846423786}.Release|Any CPU.Build.0 = Release|Any CPU
		{1D21208D-9676-43C7-B4C3-2F00FDDCA56A}.Debug|Any CPU.ActiveCfg = Debug|Any CPU
		{1D21208D-9676-43C7-B4C3-2F00FDDCA56A}.Debug|Any CPU.Build.0 = Debug|Any CPU
		{1D21208D-9676-43C7-B4C3-2F00FDDCA56A}.Release|Any CPU.ActiveCfg = Release|Any CPU
		{1D21208D-9676-43C7-B4C3-2F00FDDCA56A}.Release|Any CPU.Build.0 = Release|Any CPU
		{A3C25138-2B24-4AFC-A0A1-5078B9DA6BAB}.Debug|Any CPU.ActiveCfg = Debug|Any CPU
		{A3C25138-2B24-4AFC-A0A1-5078B9DA6BAB}.Debug|Any CPU.Build.0 = Debug|Any CPU
		{A3C25138-2B24-4AFC-A0A1-5078B9DA6BAB}.Release|Any CPU.ActiveCfg = Release|Any CPU
		{A3C25138-2B24-4AFC-A0A1-5078B9DA6BAB}.Release|Any CPU.Build.0 = Release|Any CPU
		{E95A3BEF-853D-4ADF-AA44-6FD486DB18E7}.Debug|Any CPU.ActiveCfg = Debug|Any CPU
		{E95A3BEF-853D-4ADF-AA44-6FD486DB18E7}.Debug|Any CPU.Build.0 = Debug|Any CPU
		{E95A3BEF-853D-4ADF-AA44-6FD486DB18E7}.Release|Any CPU.ActiveCfg = Release|Any CPU
		{E95A3BEF-853D-4ADF-AA44-6FD486DB18E7}.Release|Any CPU.Build.0 = Release|Any CPU
	EndGlobalSection
	GlobalSection(SolutionProperties) = preSolution
		HideSolutionNode = FALSE
	EndGlobalSection
	GlobalSection(NestedProjects) = preSolution
		{FF32C474-A9A3-4D27-A4AC-45AAA50E0752} = {02EA681E-C7D8-13C7-8484-4AC65E1B71E8}
		{650314F3-6723-4B3A-8FA8-6C56D2502586} = {02EA681E-C7D8-13C7-8484-4AC65E1B71E8}
		{50DFB695-6338-445B-AF26-C2B5CA833745} = {02EA681E-C7D8-13C7-8484-4AC65E1B71E8}
		{70AA2F9B-A60C-4EB7-9B58-C55D1DEF7B62} = {7FAC81D0-F365-4313-A046-9BDFC2182FDD}
		{05106A86-73F2-4217-B4EE-E737165FE273} = {7FAC81D0-F365-4313-A046-9BDFC2182FDD}
		{89298989-79D8-409A-97F6-4714461A7C34} = {7FAC81D0-F365-4313-A046-9BDFC2182FDD}
		{DF95043D-AE16-4A90-BFE9-ADE11128C7B3} = {6AE5BC5B-E186-4D85-A470-0791253F2486}
		{CE5AF2D3-E258-44EB-8A24-9F116BAD5D2E} = {6AE5BC5B-E186-4D85-A470-0791253F2486}
		{02F211CB-8575-48CA-983E-EB3DEDA6D73E} = {6AE5BC5B-E186-4D85-A470-0791253F2486}
		{75114C70-0230-41B1-8DF6-AA7AA4B8ACF9} = {6B3DD21B-BA6B-4AAB-8F6C-AAA7835C5BB5}
		{8A14D66E-4D5E-46F8-B964-A3913C0D418D} = {6B3DD21B-BA6B-4AAB-8F6C-AAA7835C5BB5}
		{E3A2932E-AFAA-4195-8FC9-3BEB64019788} = {6B3DD21B-BA6B-4AAB-8F6C-AAA7835C5BB5}
		{CD01CD86-9675-4130-909E-675AED2AA050} = {C5D2E28C-91B0-45DA-9979-874809D404CD}
		{D2F714BD-B2E5-4FCF-87DA-238950834ECE} = {C5D2E28C-91B0-45DA-9979-874809D404CD}
		{4896B287-B5B5-4B70-80AD-17B858ABA29D} = {C5D2E28C-91B0-45DA-9979-874809D404CD}
		{D65226B5-3ADD-4E2A-8EB2-2E37D2EA479F} = {362E5812-04EE-4ACC-A801-0C6DB41B709E}
		{C937CD61-6F6A-4197-87EE-3F63FB15220A} = {362E5812-04EE-4ACC-A801-0C6DB41B709E}
		{16F231F1-2451-41D2-BE8D-953846423786} = {362E5812-04EE-4ACC-A801-0C6DB41B709E}
		{1D21208D-9676-43C7-B4C3-2F00FDDCA56A} = {D34E1CBE-E37A-4D29-93EF-D16717879CA5}
		{A3C25138-2B24-4AFC-A0A1-5078B9DA6BAB} = {D34E1CBE-E37A-4D29-93EF-D16717879CA5}
		{E95A3BEF-853D-4ADF-AA44-6FD486DB18E7} = {D34E1CBE-E37A-4D29-93EF-D16717879CA5}
	EndGlobalSection
	GlobalSection(ExtensibilityGlobals) = postSolution
		SolutionGuid = {FA5E9C0C-5BAB-463A-8B73-57F82F1E6ADD}
	EndGlobalSection
EndGlobal
